
Microsoft Visual Studio Solution File, Format Version 10.00
# Visual Studio 2008
Project("{FAE04EC0-301F-11D3-BF4B-00C04F79EFBC}") = "Helper", "Helper\Helper.csproj", "{B1FE8AE2-D7C9-4395-AEA6-F0E73F873277}"
EndProject
Global
	GlobalSection(SolutionConfigurationPlatforms) = preSolution
		Debug|Any CPU = Debug|Any CPU
		Release|Any CPU = Release|Any CPU
	EndGlobalSection
	GlobalSection(ProjectConfigurationPlatforms) = postSolution
		{B1FE8AE2-D7C9-4395-AEA6-F0E73F873277}.Debug|Any CPU.ActiveCfg = Debug|Any CPU
		{B1FE8AE2-D7C9-4395-AEA6-F0E73F873277}.Debug|Any CPU.Build.0 = Debug|Any CPU
		{B1FE8AE2-D7C9-4395-AEA6-F0E73F873277}.Release|Any CPU.ActiveCfg = Release|Any CPU
		{B1FE8AE2-D7C9-4395-AEA6-F0E73F873277}.Release|Any CPU.Build.0 = Release|Any CPU
	EndGlobalSection
	GlobalSection(SolutionProperties) = preSolution
		HideSolutionNode = FALSE
	EndGlobalSection
EndGlobal
